
Microsoft Visual Studio Solution File, Format Version 12.00
# Visual Studio Version 17
VisualStudioVersion = 17.3.32901.215
MinimumVisualStudioVersion = 10.0.40219.1
Project("{9A19103F-16F7-4668-BE54-9A1E7A4F7556}") = "Project_Model", "Project_Model\Project_Model.csproj", "{4147BEE4-5D6E-48D0-9725-98E1DC35C97C}"
EndProject
Project("{9A19103F-16F7-4668-BE54-9A1E7A4F7556}") = "Project_DataAccess", "Project_DataAccess\Project_DataAccess.csproj", "{93380A3F-3F8A-4E58-A1F4-D7184DC996EE}"
EndProject
Project("{9A19103F-16F7-4668-BE54-9A1E7A4F7556}") = "WebApplication1", "WebApplication1\WebApplication1.csproj", "{2DCF1116-1BC1-41B8-B9AE-1E5B4A7C9A9C}"
EndProject
Global
	GlobalSection(SolutionConfigurationPlatforms) = preSolution
		Debug|Any CPU = Debug|Any CPU
		Release|Any CPU = Release|Any CPU
	EndGlobalSection
	GlobalSection(ProjectConfigurationPlatforms) = postSolution
		{4147BEE4-5D6E-48D0-9725-98E1DC35C97C}.Debug|Any CPU.ActiveCfg = Debug|Any CPU
		{4147BEE4-5D6E-48D0-9725-98E1DC35C97C}.Debug|Any CPU.Build.0 = Debug|Any CPU
		{4147BEE4-5D6E-48D0-9725-98E1DC35C97C}.Release|Any CPU.ActiveCfg = Release|Any CPU
		{4147BEE4-5D6E-48D0-9725-98E1DC35C97C}.Release|Any CPU.Build.0 = Release|Any CPU
		{93380A3F-3F8A-4E58-A1F4-D7184DC996EE}.Debug|Any CPU.ActiveCfg = Debug|Any CPU
		{93380A3F-3F8A-4E58-A1F4-D7184DC996EE}.Debug|Any CPU.Build.0 = Debug|Any CPU
		{93380A3F-3F8A-4E58-A1F4-D7184DC996EE}.Release|Any CPU.ActiveCfg = Release|Any CPU
		{93380A3F-3F8A-4E58-A1F4-D7184DC996EE}.Release|Any CPU.Build.0 = Release|Any CPU
		{2DCF1116-1BC1-41B8-B9AE-1E5B4A7C9A9C}.Debug|Any CPU.ActiveCfg = Debug|Any CPU
		{2DCF1116-1BC1-41B8-B9AE-1E5B4A7C9A9C}.Debug|Any CPU.Build.0 = Debug|Any CPU
		{2DCF1116-1BC1-41B8-B9AE-1E5B4A7C9A9C}.Release|Any CPU.ActiveCfg = Release|Any CPU
		{2DCF1116-1BC1-41B8-B9AE-1E5B4A7C9A9C}.Release|Any CPU.Build.0 = Release|Any CPU
	EndGlobalSection
	GlobalSection(SolutionProperties) = preSolution
		HideSolutionNode = FALSE
	EndGlobalSection
	GlobalSection(ExtensibilityGlobals) = postSolution
		SolutionGuid = {76994D38-7F96-4F9E-A717-B0301F99292C}
	EndGlobalSection
EndGlobal
